
Microsoft Visual Studio Solution File, Format Version 12.00
# Visual Studio Version 16
VisualStudioVersion = 16.0.29123.88
MinimumVisualStudioVersion = 10.0.40219.1
Project("{FAE04EC0-301F-11D3-BF4B-00C04F79EFBC}") = "RockPaperScissors", "RockPaperScissors\RockPaperScissors.csproj", "{7360A4B3-D860-4BE0-B483-EB1392CBF9F0}"
EndProject
Global
	GlobalSection(SolutionConfigurationPlatforms) = preSolution
		Debug|Any CPU = Debug|Any CPU
		Release|Any CPU = Release|Any CPU
	EndGlobalSection
	GlobalSection(ProjectConfigurationPlatforms) = postSolution
		{7360A4B3-D860-4BE0-B483-EB1392CBF9F0}.Debug|Any CPU.ActiveCfg = Debug|Any CPU
		{7360A4B3-D860-4BE0-B483-EB1392CBF9F0}.Debug|Any CPU.Build.0 = Debug|Any CPU
		{7360A4B3-D860-4BE0-B483-EB1392CBF9F0}.Release|Any CPU.ActiveCfg = Release|Any CPU
		{7360A4B3-D860-4BE0-B483-EB1392CBF9F0}.Release|Any CPU.Build.0 = Release|Any CPU
	EndGlobalSection
	GlobalSection(SolutionProperties) = preSolution
		HideSolutionNode = FALSE
	EndGlobalSection
	GlobalSection(ExtensibilityGlobals) = postSolution
		SolutionGuid = {835FED0E-1CE1-4A44-9A17-86178950EE7E}
	EndGlobalSection
EndGlobal
